
Microsoft Visual Studio Solution File, Format Version 12.00
# Visual Studio Version 17
VisualStudioVersion = 17.0.31903.59
MinimumVisualStudioVersion = 10.0.40219.1
Project("{9A19103F-16F7-4668-BE54-9A1E7A4F7556}") = "WebHooks.Gitee", "WebHooks.Gitee\WebHooks.Gitee.csproj", "{8EF75AF1-46DA-41BD-B517-A90DE0BD69A4}"
EndProject
Project("{9A19103F-16F7-4668-BE54-9A1E7A4F7556}") = "WebHooks.Models", "WebHooks.Models\WebHooks.Models.csproj", "{B072B1E7-D292-4CAD-BD42-9A1858D839F4}"
EndProject
Project("{9A19103F-16F7-4668-BE54-9A1E7A4F7556}") = "WebHooks.GiteeTests", "WebHooks.GiteeTests\WebHooks.GiteeTests.csproj", "{3441975A-6F9B-42EC-B64A-C032467982BB}"
EndProject
Project("{9A19103F-16F7-4668-BE54-9A1E7A4F7556}") = "WebHooks.Core", "WebHooks.Core\WebHooks.Core.csproj", "{9CDAE60F-0969-42F6-9D02-F26F7335F27B}"
EndProject
Project("{9A19103F-16F7-4668-BE54-9A1E7A4F7556}") = "PowershellPreSearch", "PowershellPreSearch\PowershellPreSearch.csproj", "{810E904E-7BBB-43F4-A27F-BD5FE715B58C}"
EndProject
Project("{9A19103F-16F7-4668-BE54-9A1E7A4F7556}") = "WebHooks.CoreTests", "WebHooks.CoreTests\WebHooks.CoreTests.csproj", "{A04DDDDC-EC3B-4CAB-A212-4BE7319FDBF6}"
EndProject
Project("{9A19103F-16F7-4668-BE54-9A1E7A4F7556}") = "Demo01", "Demo01\Demo01.csproj", "{6E5819FA-F39E-4155-8BBC-6926D8A70C68}"
EndProject
Project("{9A19103F-16F7-4668-BE54-9A1E7A4F7556}") = "WebHooks.PowerShell", "WebHooks.PowerShell\WebHooks.PowerShell.csproj", "{499467A8-89A9-446C-9C32-DF007EF47494}"
EndProject
Project("{9A19103F-16F7-4668-BE54-9A1E7A4F7556}") = "WebHooks.PowerShell.CommandLine", "WebHooks.PowerShell.CommandLine\WebHooks.PowerShell.CommandLine.csproj", "{9F89D85D-8C0D-41D2-B96E-018C5BA9AD73}"
EndProject
Project("{9A19103F-16F7-4668-BE54-9A1E7A4F7556}") = "WebHooks.EntityFrameworkCore.Pgsql", "WebHooks.EntityFrameworkCore.Pgsql\WebHooks.EntityFrameworkCore.Pgsql.csproj", "{B9526366-F6F1-4402-A891-99FF742D947F}"
EndProject
Project("{2150E333-8FDC-42A3-9474-1A3956D46DE8}") = "src", "src", "{F1AADCB8-690A-48C0-938B-8FD832A5E902}"
EndProject
Project("{9A19103F-16F7-4668-BE54-9A1E7A4F7556}") = "WebHooks.Service", "WebHooks.Service\WebHooks.Service.csproj", "{6A038682-8639-465D-A9EC-3C95EB3B87E2}"
EndProject
Project("{9A19103F-16F7-4668-BE54-9A1E7A4F7556}") = "WebHooks.Data", "WebHooks.Data\WebHooks.Data.csproj", "{A66B2086-A34E-4E30-B31E-1BDB1FC11A2A}"
EndProject
Project("{9A19103F-16F7-4668-BE54-9A1E7A4F7556}") = "WebHooks.Shared", "WebHooks.Shared\WebHooks.Shared.csproj", "{8B2366E3-CCDF-428E-8B94-96859E413900}"
EndProject
Project("{9A19103F-16F7-4668-BE54-9A1E7A4F7556}") = "WebHooks.EntityFrameworkCore.PgsqlTests", "WebHooks.EntityFrameworkCore.PgsqlTests\WebHooks.EntityFrameworkCore.PgsqlTests.csproj", "{3EDABD1D-655A-4D8A-90FA-01DD65486BEA}"
EndProject
Project("{9A19103F-16F7-4668-BE54-9A1E7A4F7556}") = "WebHooks.API", "WebHooks.API\WebHooks.API.csproj", "{A7742BB7-8416-437F-8D04-C8F60D786037}"
EndProject
Project("{FAE04EC0-301F-11D3-BF4B-00C04F79EFBC}") = "Gitee.WebHooks", "Gitee.WebHooks\Gitee.WebHooks.csproj", "{F89D3785-E314-4FD5-A37A-9557345A6839}"
EndProject
Global
	GlobalSection(SolutionConfigurationPlatforms) = preSolution
		Debug|Any CPU = Debug|Any CPU
		Release|Any CPU = Release|Any CPU
	EndGlobalSection
	GlobalSection(ProjectConfigurationPlatforms) = postSolution
		{8EF75AF1-46DA-41BD-B517-A90DE0BD69A4}.Debug|Any CPU.ActiveCfg = Debug|Any CPU
		{8EF75AF1-46DA-41BD-B517-A90DE0BD69A4}.Debug|Any CPU.Build.0 = Debug|Any CPU
		{8EF75AF1-46DA-41BD-B517-A90DE0BD69A4}.Release|Any CPU.ActiveCfg = Release|Any CPU
		{8EF75AF1-46DA-41BD-B517-A90DE0BD69A4}.Release|Any CPU.Build.0 = Release|Any CPU
		{B072B1E7-D292-4CAD-BD42-9A1858D839F4}.Debug|Any CPU.ActiveCfg = Debug|Any CPU
		{B072B1E7-D292-4CAD-BD42-9A1858D839F4}.Debug|Any CPU.Build.0 = Debug|Any CPU
		{B072B1E7-D292-4CAD-BD42-9A1858D839F4}.Release|Any CPU.ActiveCfg = Release|Any CPU
		{B072B1E7-D292-4CAD-BD42-9A1858D839F4}.Release|Any CPU.Build.0 = Release|Any CPU
		{3441975A-6F9B-42EC-B64A-C032467982BB}.Debug|Any CPU.ActiveCfg = Debug|Any CPU
		{3441975A-6F9B-42EC-B64A-C032467982BB}.Debug|Any CPU.Build.0 = Debug|Any CPU
		{3441975A-6F9B-42EC-B64A-C032467982BB}.Release|Any CPU.ActiveCfg = Release|Any CPU
		{3441975A-6F9B-42EC-B64A-C032467982BB}.Release|Any CPU.Build.0 = Release|Any CPU
		{9CDAE60F-0969-42F6-9D02-F26F7335F27B}.Debug|Any CPU.ActiveCfg = Debug|Any CPU
		{9CDAE60F-0969-42F6-9D02-F26F7335F27B}.Debug|Any CPU.Build.0 = Debug|Any CPU
		{9CDAE60F-0969-42F6-9D02-F26F7335F27B}.Release|Any CPU.ActiveCfg = Release|Any CPU
		{9CDAE60F-0969-42F6-9D02-F26F7335F27B}.Release|Any CPU.Build.0 = Release|Any CPU
		{810E904E-7BBB-43F4-A27F-BD5FE715B58C}.Debug|Any CPU.ActiveCfg = Debug|Any CPU
		{810E904E-7BBB-43F4-A27F-BD5FE715B58C}.Debug|Any CPU.Build.0 = Debug|Any CPU
		{810E904E-7BBB-43F4-A27F-BD5FE715B58C}.Release|Any CPU.ActiveCfg = Release|Any CPU
		{810E904E-7BBB-43F4-A27F-BD5FE715B58C}.Release|Any CPU.Build.0 = Release|Any CPU
		{A04DDDDC-EC3B-4CAB-A212-4BE7319FDBF6}.Debug|Any CPU.ActiveCfg = Debug|Any CPU
		{A04DDDDC-EC3B-4CAB-A212-4BE7319FDBF6}.Debug|Any CPU.Build.0 = Debug|Any CPU
		{A04DDDDC-EC3B-4CAB-A212-4BE7319FDBF6}.Release|Any CPU.ActiveCfg = Release|Any CPU
		{A04DDDDC-EC3B-4CAB-A212-4BE7319FDBF6}.Release|Any CPU.Build.0 = Release|Any CPU
		{6E5819FA-F39E-4155-8BBC-6926D8A70C68}.Debug|Any CPU.ActiveCfg = Debug|Any CPU
		{6E5819FA-F39E-4155-8BBC-6926D8A70C68}.Debug|Any CPU.Build.0 = Debug|Any CPU
		{6E5819FA-F39E-4155-8BBC-6926D8A70C68}.Release|Any CPU.ActiveCfg = Release|Any CPU
		{6E5819FA-F39E-4155-8BBC-6926D8A70C68}.Release|Any CPU.Build.0 = Release|Any CPU
		{499467A8-89A9-446C-9C32-DF007EF47494}.Debug|Any CPU.ActiveCfg = Debug|Any CPU
		{499467A8-89A9-446C-9C32-DF007EF47494}.Debug|Any CPU.Build.0 = Debug|Any CPU
		{499467A8-89A9-446C-9C32-DF007EF47494}.Release|Any CPU.ActiveCfg = Release|Any CPU
		{499467A8-89A9-446C-9C32-DF007EF47494}.Release|Any CPU.Build.0 = Release|Any CPU
		{9F89D85D-8C0D-41D2-B96E-018C5BA9AD73}.Debug|Any CPU.ActiveCfg = Debug|Any CPU
		{9F89D85D-8C0D-41D2-B96E-018C5BA9AD73}.Debug|Any CPU.Build.0 = Debug|Any CPU
		{9F89D85D-8C0D-41D2-B96E-018C5BA9AD73}.Release|Any CPU.ActiveCfg = Release|Any CPU
		{9F89D85D-8C0D-41D2-B96E-018C5BA9AD73}.Release|Any CPU.Build.0 = Release|Any CPU
		{B9526366-F6F1-4402-A891-99FF742D947F}.Debug|Any CPU.ActiveCfg = Debug|Any CPU
		{B9526366-F6F1-4402-A891-99FF742D947F}.Debug|Any CPU.Build.0 = Debug|Any CPU
		{B9526366-F6F1-4402-A891-99FF742D947F}.Release|Any CPU.ActiveCfg = Release|Any CPU
		{B9526366-F6F1-4402-A891-99FF742D947F}.Release|Any CPU.Build.0 = Release|Any CPU
		{6A038682-8639-465D-A9EC-3C95EB3B87E2}.Debug|Any CPU.ActiveCfg = Debug|Any CPU
		{6A038682-8639-465D-A9EC-3C95EB3B87E2}.Debug|Any CPU.Build.0 = Debug|Any CPU
		{6A038682-8639-465D-A9EC-3C95EB3B87E2}.Release|Any CPU.ActiveCfg = Release|Any CPU
		{6A038682-8639-465D-A9EC-3C95EB3B87E2}.Release|Any CPU.Build.0 = Release|Any CPU
		{A66B2086-A34E-4E30-B31E-1BDB1FC11A2A}.Debug|Any CPU.ActiveCfg = Debug|Any CPU
		{A66B2086-A34E-4E30-B31E-1BDB1FC11A2A}.Debug|Any CPU.Build.0 = Debug|Any CPU
		{A66B2086-A34E-4E30-B31E-1BDB1FC11A2A}.Release|Any CPU.ActiveCfg = Release|Any CPU
		{A66B2086-A34E-4E30-B31E-1BDB1FC11A2A}.Release|Any CPU.Build.0 = Release|Any CPU
		{8B2366E3-CCDF-428E-8B94-96859E413900}.Debug|Any CPU.ActiveCfg = Debug|Any CPU
		{8B2366E3-CCDF-428E-8B94-96859E413900}.Debug|Any CPU.Build.0 = Debug|Any CPU
		{8B2366E3-CCDF-428E-8B94-96859E413900}.Release|Any CPU.ActiveCfg = Release|Any CPU
		{8B2366E3-CCDF-428E-8B94-96859E413900}.Release|Any CPU.Build.0 = Release|Any CPU
		{3EDABD1D-655A-4D8A-90FA-01DD65486BEA}.Debug|Any CPU.ActiveCfg = Debug|Any CPU
		{3EDABD1D-655A-4D8A-90FA-01DD65486BEA}.Debug|Any CPU.Build.0 = Debug|Any CPU
		{3EDABD1D-655A-4D8A-90FA-01DD65486BEA}.Release|Any CPU.ActiveCfg = Release|Any CPU
		{3EDABD1D-655A-4D8A-90FA-01DD65486BEA}.Release|Any CPU.Build.0 = Release|Any CPU
		{A7742BB7-8416-437F-8D04-C8F60D786037}.Debug|Any CPU.ActiveCfg = Debug|Any CPU
		{A7742BB7-8416-437F-8D04-C8F60D786037}.Debug|Any CPU.Build.0 = Debug|Any CPU
		{A7742BB7-8416-437F-8D04-C8F60D786037}.Release|Any CPU.ActiveCfg = Release|Any CPU
		{A7742BB7-8416-437F-8D04-C8F60D786037}.Release|Any CPU.Build.0 = Release|Any CPU
		{F89D3785-E314-4FD5-A37A-9557345A6839}.Debug|Any CPU.ActiveCfg = Debug|Any CPU
		{F89D3785-E314-4FD5-A37A-9557345A6839}.Debug|Any CPU.Build.0 = Debug|Any CPU
		{F89D3785-E314-4FD5-A37A-9557345A6839}.Release|Any CPU.ActiveCfg = Release|Any CPU
		{F89D3785-E314-4FD5-A37A-9557345A6839}.Release|Any CPU.Build.0 = Release|Any CPU
	EndGlobalSection
	GlobalSection(SolutionProperties) = preSolution
		HideSolutionNode = FALSE
	EndGlobalSection
	GlobalSection(NestedProjects) = preSolution
		{B9526366-F6F1-4402-A891-99FF742D947F} = {F1AADCB8-690A-48C0-938B-8FD832A5E902}
		{6A038682-8639-465D-A9EC-3C95EB3B87E2} = {F1AADCB8-690A-48C0-938B-8FD832A5E902}
		{A66B2086-A34E-4E30-B31E-1BDB1FC11A2A} = {F1AADCB8-690A-48C0-938B-8FD832A5E902}
		{8B2366E3-CCDF-428E-8B94-96859E413900} = {F1AADCB8-690A-48C0-938B-8FD832A5E902}
		{A7742BB7-8416-437F-8D04-C8F60D786037} = {F1AADCB8-690A-48C0-938B-8FD832A5E902}
		{F89D3785-E314-4FD5-A37A-9557345A6839} = {F1AADCB8-690A-48C0-938B-8FD832A5E902}
	EndGlobalSection
	GlobalSection(ExtensibilityGlobals) = postSolution
		SolutionGuid = {09193658-FCCE-403F-B81C-B7CDE8C8B4F9}
	EndGlobalSection
EndGlobal
