
Microsoft Visual Studio Solution File, Format Version 12.00
# Visual Studio Version 17
VisualStudioVersion = 17.3.32519.111
MinimumVisualStudioVersion = 10.0.40219.1
Project("{FAE04EC0-301F-11D3-BF4B-00C04F79EFBC}") = "PowershellServerProxy", "PowershellServerProxy\PowershellServerProxy.csproj", "{054289E6-2373-457B-83AA-D906DA9F2877}"
EndProject
Global
	GlobalSection(SolutionConfigurationPlatforms) = preSolution
		Debug|Any CPU = Debug|Any CPU
		Release|Any CPU = Release|Any CPU
	EndGlobalSection
	GlobalSection(ProjectConfigurationPlatforms) = postSolution
		{054289E6-2373-457B-83AA-D906DA9F2877}.Debug|Any CPU.ActiveCfg = Debug|Any CPU
		{054289E6-2373-457B-83AA-D906DA9F2877}.Debug|Any CPU.Build.0 = Debug|Any CPU
		{054289E6-2373-457B-83AA-D906DA9F2877}.Release|Any CPU.ActiveCfg = Release|Any CPU
		{054289E6-2373-457B-83AA-D906DA9F2877}.Release|Any CPU.Build.0 = Release|Any CPU
	EndGlobalSection
	GlobalSection(SolutionProperties) = preSolution
		HideSolutionNode = FALSE
	EndGlobalSection
	GlobalSection(ExtensibilityGlobals) = postSolution
		SolutionGuid = {C403BA79-95CE-4B9C-B819-7950813917E6}
	EndGlobalSection
EndGlobal
